
Microsoft Visual Studio Solution File, Format Version 12.00
# Visual Studio Version 17
VisualStudioVersion = 17.11.35327.3
MinimumVisualStudioVersion = 10.0.40219.1
Project("{8BC9CEB8-8B4A-11D0-8D11-00A0C91BC942}") = "T4 2", "T4 2\T4 2.vcxproj", "{8845326C-C00A-4D1A-AAD5-8891C1D85994}"
EndProject
Global
	GlobalSection(SolutionConfigurationPlatforms) = preSolution
		Debug|x64 = Debug|x64
		Debug|x86 = Debug|x86
		Release|x64 = Release|x64
		Release|x86 = Release|x86
	EndGlobalSection
	GlobalSection(ProjectConfigurationPlatforms) = postSolution
		{8845326C-C00A-4D1A-AAD5-8891C1D85994}.Debug|x64.ActiveCfg = Debug|x64
		{8845326C-C00A-4D1A-AAD5-8891C1D85994}.Debug|x64.Build.0 = Debug|x64
		{8845326C-C00A-4D1A-AAD5-8891C1D85994}.Debug|x86.ActiveCfg = Debug|Win32
		{8845326C-C00A-4D1A-AAD5-8891C1D85994}.Debug|x86.Build.0 = Debug|Win32
		{8845326C-C00A-4D1A-AAD5-8891C1D85994}.Release|x64.ActiveCfg = Release|x64
		{8845326C-C00A-4D1A-AAD5-8891C1D85994}.Release|x64.Build.0 = Release|x64
		{8845326C-C00A-4D1A-AAD5-8891C1D85994}.Release|x86.ActiveCfg = Release|Win32
		{8845326C-C00A-4D1A-AAD5-8891C1D85994}.Release|x86.Build.0 = Release|Win32
	EndGlobalSection
	GlobalSection(SolutionProperties) = preSolution
		HideSolutionNode = FALSE
	EndGlobalSection
	GlobalSection(ExtensibilityGlobals) = postSolution
		SolutionGuid = {2FB0E464-52CB-4684-90D2-C9A44B25E65A}
	EndGlobalSection
EndGlobal
